{
  "object": {
    "pins": [
      {
        "package": "QGrid",
        "repositoryURL": "https://github.com/Q-Mobile/QGrid",
        "state": {
          "branch": null,
          "revision": "804e59f8cb9f66b226685e9369fb82029742b83a",
          "version": "0.1.4"
        }
      },
      {
        "package": "Introspect",
        "repositoryURL": "https://github.com/siteline/SwiftUI-Introspect.git",
        "state": {
          "branch": null,
          "revision": "f1ec9da347a7fbe53c520d35434f6c2295650bd5",
          "version": "0.1.1"
        }
      },
      {
        "package": "SwiftUIRefresh",
        "repositoryURL": "https://github.com/timbersoftware/SwiftUIRefresh.git",
        "state": {
          "branch": null,
          "revision": "fa8fac7b5eb5c729983a8bef65f094b5e0d12014",
          "version": "0.0.3"
        }
      }
    ]
  },
  "version": 1
}
